
Microsoft Visual Studio Solution File, Format Version 12.00
# Visual Studio 14
VisualStudioVersion = 14.0.23107.0
MinimumVisualStudioVersion = 10.0.40219.1
Project("{FAE04EC0-301F-11D3-BF4B-00C04F79EFBC}") = "NewProjectKirk1", "NewProjectKirk1\NewProjectKirk1.csproj", "{D91500B0-1033-4876-BF0C-FA8A607E8ECA}"
EndProject
Project("{FAE04EC0-301F-11D3-BF4B-00C04F79EFBC}") = "NewProjectKirk1Web", "NewProjectKirk1Web\NewProjectKirk1Web.csproj", "{B4A8BCF6-9F29-424E-B90D-B3EC9B054A37}"
EndProject
Global
	GlobalSection(SolutionConfigurationPlatforms) = preSolution
		Debug|Any CPU = Debug|Any CPU
		Release|Any CPU = Release|Any CPU
	EndGlobalSection
	GlobalSection(ProjectConfigurationPlatforms) = postSolution
		{D91500B0-1033-4876-BF0C-FA8A607E8ECA}.Debug|Any CPU.ActiveCfg = Debug|Any CPU
		{D91500B0-1033-4876-BF0C-FA8A607E8ECA}.Debug|Any CPU.Build.0 = Debug|Any CPU
		{D91500B0-1033-4876-BF0C-FA8A607E8ECA}.Debug|Any CPU.Deploy.0 = Debug|Any CPU
		{D91500B0-1033-4876-BF0C-FA8A607E8ECA}.Release|Any CPU.ActiveCfg = Release|Any CPU
		{D91500B0-1033-4876-BF0C-FA8A607E8ECA}.Release|Any CPU.Build.0 = Release|Any CPU
		{D91500B0-1033-4876-BF0C-FA8A607E8ECA}.Release|Any CPU.Deploy.0 = Release|Any CPU
		{B4A8BCF6-9F29-424E-B90D-B3EC9B054A37}.Debug|Any CPU.ActiveCfg = Debug|Any CPU
		{B4A8BCF6-9F29-424E-B90D-B3EC9B054A37}.Debug|Any CPU.Build.0 = Debug|Any CPU
		{B4A8BCF6-9F29-424E-B90D-B3EC9B054A37}.Release|Any CPU.ActiveCfg = Release|Any CPU
		{B4A8BCF6-9F29-424E-B90D-B3EC9B054A37}.Release|Any CPU.Build.0 = Release|Any CPU
	EndGlobalSection
	GlobalSection(SolutionProperties) = preSolution
		HideSolutionNode = FALSE
	EndGlobalSection
EndGlobal
