
Microsoft Visual Studio Solution File, Format Version 12.00
# Visual Studio 14
VisualStudioVersion = 14.0.23107.0
MinimumVisualStudioVersion = 10.0.40219.1
Project("{FAE04EC0-301F-11D3-BF4B-00C04F79EFBC}") = "ListToAzureTables01", "ListToAzureTables01\ListToAzureTables01.csproj", "{62FC1DC5-302B-44B2-8086-53A888FC9F96}"
EndProject
Project("{FAE04EC0-301F-11D3-BF4B-00C04F79EFBC}") = "ListToAzureTables01Web", "ListToAzureTables01Web\ListToAzureTables01Web.csproj", "{CEAAF31D-49F7-4724-A0FE-7D5BD2AA145F}"
EndProject
Global
	GlobalSection(SolutionConfigurationPlatforms) = preSolution
		Debug|Any CPU = Debug|Any CPU
		Release|Any CPU = Release|Any CPU
	EndGlobalSection
	GlobalSection(ProjectConfigurationPlatforms) = postSolution
		{62FC1DC5-302B-44B2-8086-53A888FC9F96}.Debug|Any CPU.ActiveCfg = Debug|Any CPU
		{62FC1DC5-302B-44B2-8086-53A888FC9F96}.Debug|Any CPU.Build.0 = Debug|Any CPU
		{62FC1DC5-302B-44B2-8086-53A888FC9F96}.Debug|Any CPU.Deploy.0 = Debug|Any CPU
		{62FC1DC5-302B-44B2-8086-53A888FC9F96}.Release|Any CPU.ActiveCfg = Release|Any CPU
		{62FC1DC5-302B-44B2-8086-53A888FC9F96}.Release|Any CPU.Build.0 = Release|Any CPU
		{62FC1DC5-302B-44B2-8086-53A888FC9F96}.Release|Any CPU.Deploy.0 = Release|Any CPU
		{CEAAF31D-49F7-4724-A0FE-7D5BD2AA145F}.Debug|Any CPU.ActiveCfg = Debug|Any CPU
		{CEAAF31D-49F7-4724-A0FE-7D5BD2AA145F}.Debug|Any CPU.Build.0 = Debug|Any CPU
		{CEAAF31D-49F7-4724-A0FE-7D5BD2AA145F}.Release|Any CPU.ActiveCfg = Release|Any CPU
		{CEAAF31D-49F7-4724-A0FE-7D5BD2AA145F}.Release|Any CPU.Build.0 = Release|Any CPU
	EndGlobalSection
	GlobalSection(SolutionProperties) = preSolution
		HideSolutionNode = FALSE
	EndGlobalSection
EndGlobal
